
Microsoft Visual Studio Solution File, Format Version 12.00
# Visual Studio Version 16
VisualStudioVersion = 16.0.30523.141
MinimumVisualStudioVersion = 10.0.40219.1
Project("{8BC9CEB8-8B4A-11D0-8D11-00A0C91BC942}") = "Sandbox", "Sandbox\Sandbox.vcxproj", "{11A9F04D-4083-42B5-A0E3-183AAD8DAA40}"
EndProject
Project("{8BC9CEB8-8B4A-11D0-8D11-00A0C91BC942}") = "Zeo", "Zeo\Zeo.vcxproj", "{ADA0FF49-A1D6-4DAE-97C6-ADEC5AFFB72C}"
EndProject
Global
	GlobalSection(SolutionConfigurationPlatforms) = preSolution
		Debug|x64 = Debug|x64
		Release|x64 = Release|x64
	EndGlobalSection
	GlobalSection(ProjectConfigurationPlatforms) = postSolution
		{ADA0FF49-A1D6-4DAE-97C6-ADEC5AFFB72C}.Debug|x64.ActiveCfg = Debug|x64
		{ADA0FF49-A1D6-4DAE-97C6-ADEC5AFFB72C}.Debug|x64.Build.0 = Debug|x64
		{ADA0FF49-A1D6-4DAE-97C6-ADEC5AFFB72C}.Release|x64.ActiveCfg = Release|x64
		{ADA0FF49-A1D6-4DAE-97C6-ADEC5AFFB72C}.Release|x64.Build.0 = Release|x64
		{11A9F04D-4083-42B5-A0E3-183AAD8DAA40}.Debug|x64.ActiveCfg = Debug|x64
		{11A9F04D-4083-42B5-A0E3-183AAD8DAA40}.Debug|x64.Build.0 = Debug|x64
		{11A9F04D-4083-42B5-A0E3-183AAD8DAA40}.Release|x64.ActiveCfg = Release|x64
		{11A9F04D-4083-42B5-A0E3-183AAD8DAA40}.Release|x64.Build.0 = Release|x64
	EndGlobalSection
	GlobalSection(SolutionProperties) = preSolution
		HideSolutionNode = FALSE
	EndGlobalSection
	GlobalSection(ExtensibilityGlobals) = postSolution
		SolutionGuid = {1C9DE5E6-B223-43A3-ADFD-DD5D5577E67B}
	EndGlobalSection
EndGlobal
